
Microsoft Visual Studio Solution File, Format Version 12.00
# Visual Studio Version 16
VisualStudioVersion = 16.0.29905.134
MinimumVisualStudioVersion = 10.0.40219.1
Project("{9A19103F-16F7-4668-BE54-9A1E7A4F7556}") = "Dapper.Razor.Demo", "src\Dapper.Razor.Demo\Dapper.Razor.Demo.csproj", "{BA7BD152-728E-47F3-9905-C4B8018EF3C8}"
EndProject
Project("{2150E333-8FDC-42A3-9474-1A3956D46DE8}") = "src", "src", "{B0141CF0-B743-4E10-B6DE-25F0BFF1D2E3}"
EndProject
Project("{2150E333-8FDC-42A3-9474-1A3956D46DE8}") = "Solution Items", "Solution Items", "{E744CD26-0E4E-4AED-9D48-24A0256222C0}"
	ProjectSection(SolutionItems) = preProject
		README.md = README.md
	EndProjectSection
EndProject
Global
	GlobalSection(SolutionConfigurationPlatforms) = preSolution
		Debug|Any CPU = Debug|Any CPU
		Release|Any CPU = Release|Any CPU
	EndGlobalSection
	GlobalSection(ProjectConfigurationPlatforms) = postSolution
		{BA7BD152-728E-47F3-9905-C4B8018EF3C8}.Debug|Any CPU.ActiveCfg = Debug|Any CPU
		{BA7BD152-728E-47F3-9905-C4B8018EF3C8}.Debug|Any CPU.Build.0 = Debug|Any CPU
		{BA7BD152-728E-47F3-9905-C4B8018EF3C8}.Release|Any CPU.ActiveCfg = Release|Any CPU
		{BA7BD152-728E-47F3-9905-C4B8018EF3C8}.Release|Any CPU.Build.0 = Release|Any CPU
	EndGlobalSection
	GlobalSection(SolutionProperties) = preSolution
		HideSolutionNode = FALSE
	EndGlobalSection
	GlobalSection(NestedProjects) = preSolution
		{BA7BD152-728E-47F3-9905-C4B8018EF3C8} = {B0141CF0-B743-4E10-B6DE-25F0BFF1D2E3}
	EndGlobalSection
	GlobalSection(ExtensibilityGlobals) = postSolution
		SolutionGuid = {5AC9DB6C-ECD5-4BBA-BBDD-63A024B695C2}
	EndGlobalSection
EndGlobal
